
Microsoft Visual Studio Solution File, Format Version 12.00
# Visual Studio 2013
VisualStudioVersion = 12.0.21005.1
MinimumVisualStudioVersion = 10.0.40219.1
Project("{8BC9CEB8-8B4A-11D0-8D11-00A0C91BC942}") = "zlibEx", "zlibEx\zlibEx.vcxproj", "{41D7F1CF-48FA-4938-BA09-8810370BB15F}"
EndProject
Project("{8BC9CEB8-8B4A-11D0-8D11-00A0C91BC942}") = "libzipEx", "libzipEx\libzipEx.vcxproj", "{FA2F84C9-0FDF-45B1-8CA3-A67273BFF83C}"
EndProject
Project("{8BC9CEB8-8B4A-11D0-8D11-00A0C91BC942}") = "libLZFex", "libLZFex\libLZFex.vcxproj", "{23A739BE-36FC-4061-8683-F8005407649C}"
EndProject
Project("{8BC9CEB8-8B4A-11D0-8D11-00A0C91BC942}") = "FastLZex", "FastLZex\FastLZex.vcxproj", "{38A5F5F4-C593-4BDA-83BE-5F685425B4A9}"
EndProject
Project("{8BC9CEB8-8B4A-11D0-8D11-00A0C91BC942}") = "QuickLZEx", "QuickLZEx\QuickLZEx.vcxproj", "{1AEAA654-3638-4A16-BC65-9D4FA6AD87EE}"
EndProject
Project("{8BC9CEB8-8B4A-11D0-8D11-00A0C91BC942}") = "lzoex", "lzoex\lzoex.vcxproj", "{465E73CA-467A-444E-85A4-311AAFAD63C9}"
EndProject
Project("{8BC9CEB8-8B4A-11D0-8D11-00A0C91BC942}") = "minilzoex", "minilzoex\minilzoex.vcxproj", "{381ADDFF-D5D1-41A7-B6DA-659E2F919CCD}"
EndProject
Project("{8BC9CEB8-8B4A-11D0-8D11-00A0C91BC942}") = "microzipEx", "microzipEx\microzipEx.vcxproj", "{9C66D2E0-0A04-4B95-B81B-3D7C5B41799C}"
EndProject
Project("{8BC9CEB8-8B4A-11D0-8D11-00A0C91BC942}") = "zpackEx", "zpackEx\zpackEx.vcxproj", "{2A58A3EA-9220-499A-973C-C51DAC2D616B}"
EndProject
Project("{8BC9CEB8-8B4A-11D0-8D11-00A0C91BC942}") = "zpackEx2", "zpackEx2\zpackEx2.vcxproj", "{BB267CAA-A7C3-44E8-B54F-8A750AB05857}"
EndProject
Project("{8BC9CEB8-8B4A-11D0-8D11-00A0C91BC942}") = "BassEx", "BassEx\BassEx.vcxproj", "{8E0532AF-3E42-4E91-9BEB-12BE585CA4C7}"
EndProject
Project("{8BC9CEB8-8B4A-11D0-8D11-00A0C91BC942}") = "FMODEx", "FMODEx\FMODEx.vcxproj", "{E4B2A3D6-78CC-46AA-8AA4-FC47E936F6EA}"
EndProject
Project("{8BC9CEB8-8B4A-11D0-8D11-00A0C91BC942}") = "libsndfileEx", "libsndfileEx\libsndfileEx.vcxproj", "{058620E5-D780-4A57-B3EA-FF4728C6BD25}"
EndProject
Project("{8BC9CEB8-8B4A-11D0-8D11-00A0C91BC942}") = "opensslex", "opensslEx\opensslex.vcxproj", "{8C70D738-2DD5-425F-A9A5-43FBAAD12D61}"
EndProject
Project("{8BC9CEB8-8B4A-11D0-8D11-00A0C91BC942}") = "libssh2Ex", "libssh2Ex\libssh2Ex.vcxproj", "{5316FE0E-724D-4668-8B9B-D96B24CBCC24}"
EndProject
Project("{8BC9CEB8-8B4A-11D0-8D11-00A0C91BC942}") = "libsshServer", "libsshEx\libsshEx.vcxproj", "{834DC5BE-EB86-4DF2-A710-2D5BC2E4F89E}"
EndProject
Project("{8BC9CEB8-8B4A-11D0-8D11-00A0C91BC942}") = "FFMPEGPlayer", "FFMPEGPlayer\FFMPEGPlayer.vcxproj", "{DE314984-A484-44B3-828F-3DC6A1E91D2D}"
EndProject
Project("{8BC9CEB8-8B4A-11D0-8D11-00A0C91BC942}") = "VLCEx", "VLCEx\VLCEx.vcxproj", "{40838258-0EC4-40CB-862D-FA0D3C57592C}"
EndProject
Project("{8BC9CEB8-8B4A-11D0-8D11-00A0C91BC942}") = "ArgtableEx", "argtableEx\ArgtableEx.vcxproj", "{34FA68C9-8632-4FCA-9E98-BE4ACC4BBE65}"
EndProject
Project("{8BC9CEB8-8B4A-11D0-8D11-00A0C91BC942}") = "gflagEx", "gflagEx\gflagEx.vcxproj", "{33C0CE87-7A1B-4945-BDFD-A63AC1E8A99E}"
EndProject
Project("{8BC9CEB8-8B4A-11D0-8D11-00A0C91BC942}") = "tinyXmlEx", "tinyXmlEx\tinyXmlEx.vcxproj", "{7ED38497-3FEF-42C5-953D-0916CAA17942}"
EndProject
Project("{8BC9CEB8-8B4A-11D0-8D11-00A0C91BC942}") = "AvroC++Ex", "avroC++Ex\AvroC++Ex.vcxproj", "{509D3C0F-4072-4C12-928F-6E981ADE3A73}"
EndProject
Project("{8BC9CEB8-8B4A-11D0-8D11-00A0C91BC942}") = "jsoncppEx", "jsoncppEx\jsoncppEx.vcxproj", "{27C481B1-6DB1-464C-96F6-F8C685386B45}"
EndProject
Project("{8BC9CEB8-8B4A-11D0-8D11-00A0C91BC942}") = "yamlEx1", "yamlEx1\yamlEx1.vcxproj", "{6EAAFC54-1A72-4110-97DE-D76561DAE99A}"
EndProject
Project("{8BC9CEB8-8B4A-11D0-8D11-00A0C91BC942}") = "yamlEx2", "yamlEx2\yamlEx2.vcxproj", "{E8FB50BE-3059-46EB-AC07-F279D8F3D31A}"
EndProject
Project("{8BC9CEB8-8B4A-11D0-8D11-00A0C91BC942}") = "msgpackEx", "msgpackEx\msgpackEx.vcxproj", "{3F62250F-84FF-4AF0-96EB-B9D480C70769}"
EndProject
Project("{8BC9CEB8-8B4A-11D0-8D11-00A0C91BC942}") = "expatEx", "expatEx\expatEx.vcxproj", "{4A72E1F5-B16B-4F39-87D1-A85033ABBB6B}"
EndProject
Project("{8BC9CEB8-8B4A-11D0-8D11-00A0C91BC942}") = "pthreadEx", "pthreadEx\pthreadEx.vcxproj", "{F07D0F73-BACB-49D8-B656-62D439C68A21}"
EndProject
Project("{8BC9CEB8-8B4A-11D0-8D11-00A0C91BC942}") = "physfsEx", "physfsEx\physfsEx.vcxproj", "{BCD55859-85C1-4F41-85B8-A945C69B1597}"
EndProject
Project("{8BC9CEB8-8B4A-11D0-8D11-00A0C91BC942}") = "sigc++Ex", "sigc++Ex\sigc++Ex.vcxproj", "{2307659F-639F-47A3-B4FF-33EA87E5D256}"
EndProject
Project("{8BC9CEB8-8B4A-11D0-8D11-00A0C91BC942}") = "libharuEx", "libharuEx\libharuEx.vcxproj", "{21153964-CDDD-4CF8-A3EA-C3E24CC31897}"
EndProject
Project("{8BC9CEB8-8B4A-11D0-8D11-00A0C91BC942}") = "sparshHashEx", "sparshHashEx\sparshHashEx.vcxproj", "{AA6A08E5-E227-4409-930E-00D71EBE529A}"
EndProject
Project("{8BC9CEB8-8B4A-11D0-8D11-00A0C91BC942}") = "liblfdsEx", "liblfdsEx\liblfdsEx.vcxproj", "{32E86F5D-20A9-451C-A8A4-89DF32848226}"
EndProject
Project("{8BC9CEB8-8B4A-11D0-8D11-00A0C91BC942}") = "cryptoppEx", "cryptoppEx\cryptoppEx.vcxproj", "{6377B259-1B11-420F-9926-18FE4C8D9BA0}"
EndProject
Project("{8BC9CEB8-8B4A-11D0-8D11-00A0C91BC942}") = "gtestEx", "gtestEx\gtestEx.vcxproj", "{A79D485C-6813-434A-A9E2-68FBECF6C6E4}"
EndProject
Project("{8BC9CEB8-8B4A-11D0-8D11-00A0C91BC942}") = "boostTDDEx", "boostTDDEx\boostTDDEx.vcxproj", "{F44E5A28-9D16-4B51-BEF2-0DC79FCF776E}"
EndProject
Project("{8BC9CEB8-8B4A-11D0-8D11-00A0C91BC942}") = "cpptestEx", "cpptestEx\cpptestEx.vcxproj", "{C1417FC3-3B79-435B-9AF8-0D4C65058BC7}"
EndProject
Project("{8BC9CEB8-8B4A-11D0-8D11-00A0C91BC942}") = "glogEx", "glogEx\glogEx.vcxproj", "{15468992-460C-4045-9331-54D4571A6347}"
EndProject
Project("{8BC9CEB8-8B4A-11D0-8D11-00A0C91BC942}") = "HoardEx", "HoardEx\HoardEx.vcxproj", "{256C1A3D-E705-431D-9040-D6D3C93296B0}"
EndProject
Project("{8BC9CEB8-8B4A-11D0-8D11-00A0C91BC942}") = "BerkeleyDBEx", "BerkeleyDBEx\BerkeleyDBEx.vcxproj", "{268C0142-72BD-4FE5-9266-C7749D1D4C51}"
EndProject
Project("{8BC9CEB8-8B4A-11D0-8D11-00A0C91BC942}") = "BugTrapEx", "BugTrapEx\BugTrapEx.vcxproj", "{8B4B060B-9F1C-4DD3-A80E-4DC9CF191184}"
EndProject
Project("{8BC9CEB8-8B4A-11D0-8D11-00A0C91BC942}") = "boostPythonEx", "boostPythonEx\boostPythonEx.vcxproj", "{866DB7E3-AEDF-4B5F-8EE6-1F79B3628A23}"
EndProject
Project("{8BC9CEB8-8B4A-11D0-8D11-00A0C91BC942}") = "TextToSpeechEx", "TextToSpeechEx\TextToSpeechEx.vcxproj", "{DA7DC3E5-41A0-47CA-BDA1-CFEB96F50671}"
EndProject
Project("{8BC9CEB8-8B4A-11D0-8D11-00A0C91BC942}") = "tcmallocEx", "tcmallocEx\tcmallocEx.vcxproj", "{70595435-013D-403B-823C-945F874EB6AB}"
EndProject
Project("{8BC9CEB8-8B4A-11D0-8D11-00A0C91BC942}") = "mysqlcppEx", "mysqlcppEx\mysqlcppEx.vcxproj", "{AA2D25B4-5003-4AF4-A5D3-331FEBC155EE}"
EndProject
Project("{8BC9CEB8-8B4A-11D0-8D11-00A0C91BC942}") = "SFMLEx", "SFMLEx\SFMLEx.vcxproj", "{09732A64-5EA2-44CE-8F09-8F4495A5573B}"
EndProject
Project("{8BC9CEB8-8B4A-11D0-8D11-00A0C91BC942}") = "freetypeEx", "freetypeEx\freetypeEx.vcxproj", "{808CAA60-27E1-40C9-8821-0A995B5F097E}"
EndProject
Project("{8BC9CEB8-8B4A-11D0-8D11-00A0C91BC942}") = "allegroEx", "allegroEx\allegroEx.vcxproj", "{D06C77DE-5403-437F-BC2C-EB68D84E1B54}"
EndProject
Project("{8BC9CEB8-8B4A-11D0-8D11-00A0C91BC942}") = "libEventEx", "libeventEx\libEventEx.vcxproj", "{1EC402C7-7A26-4C13-9DAD-831E9E01EA29}"
EndProject
Project("{8BC9CEB8-8B4A-11D0-8D11-00A0C91BC942}") = "indieLibEx", "indieLibEx\indieLibEx.vcxproj", "{F43C58AF-0BEB-4EC7-ADC8-7A68FF5D32F4}"
EndProject
Project("{8BC9CEB8-8B4A-11D0-8D11-00A0C91BC942}") = "jemallocex", "jemallocex\jemallocex.vcxproj", "{5B57F09A-5D20-4567-A4F6-9BA95BFC549A}"
EndProject
Project("{8BC9CEB8-8B4A-11D0-8D11-00A0C91BC942}") = "Log4CPPEx", "log4cppEx\Log4CPPEx.vcxproj", "{0AA8B57D-848C-4C12-8DDC-C5B13FDAA314}"
EndProject
Project("{8BC9CEB8-8B4A-11D0-8D11-00A0C91BC942}") = "log4cppEx2", "log4cppEx2\log4cppEx2.vcxproj", "{A8EE8918-6FD0-4669-971C-A2CAC626A8CC}"
EndProject
Project("{8BC9CEB8-8B4A-11D0-8D11-00A0C91BC942}") = "libCurlEx", "libCurlEx\libCurlEx.vcxproj", "{1615F10E-FD8B-4FB5-9FF5-BC308E5B39A4}"
EndProject
Project("{8BC9CEB8-8B4A-11D0-8D11-00A0C91BC942}") = "curlcppEx", "curlcppEx\curlcppEx.vcxproj", "{5CCD72A0-47EB-448D-8149-78334CE87BE0}"
EndProject
Project("{8BC9CEB8-8B4A-11D0-8D11-00A0C91BC942}") = "libTomEx1", "libTomEx1\libTomEx1.vcxproj", "{23EEA1F9-FA06-4A9C-8584-A6E260E762B2}"
EndProject
Project("{8BC9CEB8-8B4A-11D0-8D11-00A0C91BC942}") = "libtomEx2", "libtomEx2\libtomEx2.vcxproj", "{902E7DC6-47B7-4777-81C4-DF6B092F31E1}"
EndProject
Project("{8BC9CEB8-8B4A-11D0-8D11-00A0C91BC942}") = "libtomEx3", "libtomEx3\libtomEx3.vcxproj", "{880D0E38-6B68-4207-A479-BAA027A310BF}"
EndProject
Project("{8BC9CEB8-8B4A-11D0-8D11-00A0C91BC942}") = "libtomEx4", "libtomEx4\libtomEx4.vcxproj", "{A42C2FB1-3A9B-4028-BF29-BE0E4BCB4703}"
EndProject
Project("{8BC9CEB8-8B4A-11D0-8D11-00A0C91BC942}") = "pocoEx", "pocoEx\pocoEx.vcxproj", "{A92A6839-5FF5-4586-B9F8-4DA6C2D63287}"
EndProject
Project("{8BC9CEB8-8B4A-11D0-8D11-00A0C91BC942}") = "libuvEx1", "libuvEx1\libuvEx1.vcxproj", "{F1D5F010-0012-4517-84B7-9320B2369042}"
EndProject
Project("{8BC9CEB8-8B4A-11D0-8D11-00A0C91BC942}") = "libuvEx2", "libuvEx2\libuvEx2.vcxproj", "{8640F340-B67F-46C3-8708-5DC863F051E8}"
EndProject
Project("{8BC9CEB8-8B4A-11D0-8D11-00A0C91BC942}") = "zeromqEx", "zeromqEx\zeromqEx.vcxproj", "{8B0978DE-98D3-4F5E-8548-24C90641A376}"
EndProject
Project("{8BC9CEB8-8B4A-11D0-8D11-00A0C91BC942}") = "libtorrentMake", "libTorrentEx\libTorrentEx.vcxproj", "{D85040FD-EB69-4395-BD5E-B09790429744}"
EndProject
Project("{8BC9CEB8-8B4A-11D0-8D11-00A0C91BC942}") = "libTorrentDump", "libTorrentEx2\DumpTorrent.vcxproj", "{A31A42C7-D93D-4586-B897-A1034D632544}"
EndProject
Project("{8BC9CEB8-8B4A-11D0-8D11-00A0C91BC942}") = "libTorrentClient", "libTorrentEx3\ClientTest.vcxproj", "{14F15E82-8F10-44DD-9534-BE89B6C11DCC}"
EndProject
Global
	GlobalSection(SolutionConfigurationPlatforms) = preSolution
		Debug|Win32 = Debug|Win32
		Debug|x64 = Debug|x64
		Release|Win32 = Release|Win32
		Release|x64 = Release|x64
		RelWithDebInfo|Win32 = RelWithDebInfo|Win32
		RelWithDebInfo|x64 = RelWithDebInfo|x64
	EndGlobalSection
	GlobalSection(ProjectConfigurationPlatforms) = postSolution
		{41D7F1CF-48FA-4938-BA09-8810370BB15F}.Debug|Win32.ActiveCfg = Debug|Win32
		{41D7F1CF-48FA-4938-BA09-8810370BB15F}.Debug|Win32.Build.0 = Debug|Win32
		{41D7F1CF-48FA-4938-BA09-8810370BB15F}.Debug|x64.ActiveCfg = Debug|Win32
		{41D7F1CF-48FA-4938-BA09-8810370BB15F}.Release|Win32.ActiveCfg = Release|Win32
		{41D7F1CF-48FA-4938-BA09-8810370BB15F}.Release|Win32.Build.0 = Release|Win32
		{41D7F1CF-48FA-4938-BA09-8810370BB15F}.Release|x64.ActiveCfg = Release|Win32
		{41D7F1CF-48FA-4938-BA09-8810370BB15F}.RelWithDebInfo|Win32.ActiveCfg = Release|Win32
		{41D7F1CF-48FA-4938-BA09-8810370BB15F}.RelWithDebInfo|Win32.Build.0 = Release|Win32
		{41D7F1CF-48FA-4938-BA09-8810370BB15F}.RelWithDebInfo|x64.ActiveCfg = Release|Win32
		{FA2F84C9-0FDF-45B1-8CA3-A67273BFF83C}.Debug|Win32.ActiveCfg = Debug|Win32
		{FA2F84C9-0FDF-45B1-8CA3-A67273BFF83C}.Debug|Win32.Build.0 = Debug|Win32
		{FA2F84C9-0FDF-45B1-8CA3-A67273BFF83C}.Debug|x64.ActiveCfg = Debug|Win32
		{FA2F84C9-0FDF-45B1-8CA3-A67273BFF83C}.Release|Win32.ActiveCfg = Release|Win32
		{FA2F84C9-0FDF-45B1-8CA3-A67273BFF83C}.Release|Win32.Build.0 = Release|Win32
		{FA2F84C9-0FDF-45B1-8CA3-A67273BFF83C}.Release|x64.ActiveCfg = Release|Win32
		{FA2F84C9-0FDF-45B1-8CA3-A67273BFF83C}.RelWithDebInfo|Win32.ActiveCfg = Release|Win32
		{FA2F84C9-0FDF-45B1-8CA3-A67273BFF83C}.RelWithDebInfo|Win32.Build.0 = Release|Win32
		{FA2F84C9-0FDF-45B1-8CA3-A67273BFF83C}.RelWithDebInfo|x64.ActiveCfg = Release|Win32
		{23A739BE-36FC-4061-8683-F8005407649C}.Debug|Win32.ActiveCfg = Debug|Win32
		{23A739BE-36FC-4061-8683-F8005407649C}.Debug|Win32.Build.0 = Debug|Win32
		{23A739BE-36FC-4061-8683-F8005407649C}.Debug|x64.ActiveCfg = Debug|Win32
		{23A739BE-36FC-4061-8683-F8005407649C}.Release|Win32.ActiveCfg = Release|Win32
		{23A739BE-36FC-4061-8683-F8005407649C}.Release|Win32.Build.0 = Release|Win32
		{23A739BE-36FC-4061-8683-F8005407649C}.Release|x64.ActiveCfg = Release|Win32
		{23A739BE-36FC-4061-8683-F8005407649C}.RelWithDebInfo|Win32.ActiveCfg = Release|Win32
		{23A739BE-36FC-4061-8683-F8005407649C}.RelWithDebInfo|Win32.Build.0 = Release|Win32
		{23A739BE-36FC-4061-8683-F8005407649C}.RelWithDebInfo|x64.ActiveCfg = Release|Win32
		{38A5F5F4-C593-4BDA-83BE-5F685425B4A9}.Debug|Win32.ActiveCfg = Debug|Win32
		{38A5F5F4-C593-4BDA-83BE-5F685425B4A9}.Debug|Win32.Build.0 = Debug|Win32
		{38A5F5F4-C593-4BDA-83BE-5F685425B4A9}.Debug|x64.ActiveCfg = Debug|Win32
		{38A5F5F4-C593-4BDA-83BE-5F685425B4A9}.Release|Win32.ActiveCfg = Release|Win32
		{38A5F5F4-C593-4BDA-83BE-5F685425B4A9}.Release|Win32.Build.0 = Release|Win32
		{38A5F5F4-C593-4BDA-83BE-5F685425B4A9}.Release|x64.ActiveCfg = Release|Win32
		{38A5F5F4-C593-4BDA-83BE-5F685425B4A9}.RelWithDebInfo|Win32.ActiveCfg = Release|Win32
		{38A5F5F4-C593-4BDA-83BE-5F685425B4A9}.RelWithDebInfo|Win32.Build.0 = Release|Win32
		{38A5F5F4-C593-4BDA-83BE-5F685425B4A9}.RelWithDebInfo|x64.ActiveCfg = Release|Win32
		{1AEAA654-3638-4A16-BC65-9D4FA6AD87EE}.Debug|Win32.ActiveCfg = Debug|Win32
		{1AEAA654-3638-4A16-BC65-9D4FA6AD87EE}.Debug|Win32.Build.0 = Debug|Win32
		{1AEAA654-3638-4A16-BC65-9D4FA6AD87EE}.Debug|x64.ActiveCfg = Debug|Win32
		{1AEAA654-3638-4A16-BC65-9D4FA6AD87EE}.Release|Win32.ActiveCfg = Release|Win32
		{1AEAA654-3638-4A16-BC65-9D4FA6AD87EE}.Release|Win32.Build.0 = Release|Win32
		{1AEAA654-3638-4A16-BC65-9D4FA6AD87EE}.Release|x64.ActiveCfg = Release|Win32
		{1AEAA654-3638-4A16-BC65-9D4FA6AD87EE}.RelWithDebInfo|Win32.ActiveCfg = Release|Win32
		{1AEAA654-3638-4A16-BC65-9D4FA6AD87EE}.RelWithDebInfo|Win32.Build.0 = Release|Win32
		{1AEAA654-3638-4A16-BC65-9D4FA6AD87EE}.RelWithDebInfo|x64.ActiveCfg = Release|Win32
		{465E73CA-467A-444E-85A4-311AAFAD63C9}.Debug|Win32.ActiveCfg = Debug|Win32
		{465E73CA-467A-444E-85A4-311AAFAD63C9}.Debug|Win32.Build.0 = Debug|Win32
		{465E73CA-467A-444E-85A4-311AAFAD63C9}.Debug|x64.ActiveCfg = Debug|Win32
		{465E73CA-467A-444E-85A4-311AAFAD63C9}.Release|Win32.ActiveCfg = Release|Win32
		{465E73CA-467A-444E-85A4-311AAFAD63C9}.Release|Win32.Build.0 = Release|Win32
		{465E73CA-467A-444E-85A4-311AAFAD63C9}.Release|x64.ActiveCfg = Release|Win32
		{465E73CA-467A-444E-85A4-311AAFAD63C9}.RelWithDebInfo|Win32.ActiveCfg = Release|Win32
		{465E73CA-467A-444E-85A4-311AAFAD63C9}.RelWithDebInfo|Win32.Build.0 = Release|Win32
		{465E73CA-467A-444E-85A4-311AAFAD63C9}.RelWithDebInfo|x64.ActiveCfg = Release|Win32
		{381ADDFF-D5D1-41A7-B6DA-659E2F919CCD}.Debug|Win32.ActiveCfg = Debug|Win32
		{381ADDFF-D5D1-41A7-B6DA-659E2F919CCD}.Debug|Win32.Build.0 = Debug|Win32
		{381ADDFF-D5D1-41A7-B6DA-659E2F919CCD}.Debug|x64.ActiveCfg = Debug|Win32
		{381ADDFF-D5D1-41A7-B6DA-659E2F919CCD}.Release|Win32.ActiveCfg = Release|Win32
		{381ADDFF-D5D1-41A7-B6DA-659E2F919CCD}.Release|Win32.Build.0 = Release|Win32
		{381ADDFF-D5D1-41A7-B6DA-659E2F919CCD}.Release|x64.ActiveCfg = Release|Win32
		{381ADDFF-D5D1-41A7-B6DA-659E2F919CCD}.RelWithDebInfo|Win32.ActiveCfg = Release|Win32
		{381ADDFF-D5D1-41A7-B6DA-659E2F919CCD}.RelWithDebInfo|Win32.Build.0 = Release|Win32
		{381ADDFF-D5D1-41A7-B6DA-659E2F919CCD}.RelWithDebInfo|x64.ActiveCfg = Release|Win32
		{9C66D2E0-0A04-4B95-B81B-3D7C5B41799C}.Debug|Win32.ActiveCfg = Debug|Win32
		{9C66D2E0-0A04-4B95-B81B-3D7C5B41799C}.Debug|Win32.Build.0 = Debug|Win32
		{9C66D2E0-0A04-4B95-B81B-3D7C5B41799C}.Debug|x64.ActiveCfg = Debug|Win32
		{9C66D2E0-0A04-4B95-B81B-3D7C5B41799C}.Release|Win32.ActiveCfg = Release|Win32
		{9C66D2E0-0A04-4B95-B81B-3D7C5B41799C}.Release|Win32.Build.0 = Release|Win32
		{9C66D2E0-0A04-4B95-B81B-3D7C5B41799C}.Release|x64.ActiveCfg = Release|Win32
		{9C66D2E0-0A04-4B95-B81B-3D7C5B41799C}.RelWithDebInfo|Win32.ActiveCfg = Release|Win32
		{9C66D2E0-0A04-4B95-B81B-3D7C5B41799C}.RelWithDebInfo|Win32.Build.0 = Release|Win32
		{9C66D2E0-0A04-4B95-B81B-3D7C5B41799C}.RelWithDebInfo|x64.ActiveCfg = Release|Win32
		{2A58A3EA-9220-499A-973C-C51DAC2D616B}.Debug|Win32.ActiveCfg = Debug|Win32
		{2A58A3EA-9220-499A-973C-C51DAC2D616B}.Debug|Win32.Build.0 = Debug|Win32
		{2A58A3EA-9220-499A-973C-C51DAC2D616B}.Debug|x64.ActiveCfg = Debug|Win32
		{2A58A3EA-9220-499A-973C-C51DAC2D616B}.Release|Win32.ActiveCfg = Release|Win32
		{2A58A3EA-9220-499A-973C-C51DAC2D616B}.Release|Win32.Build.0 = Release|Win32
		{2A58A3EA-9220-499A-973C-C51DAC2D616B}.Release|x64.ActiveCfg = Release|Win32
		{2A58A3EA-9220-499A-973C-C51DAC2D616B}.RelWithDebInfo|Win32.ActiveCfg = Release|Win32
		{2A58A3EA-9220-499A-973C-C51DAC2D616B}.RelWithDebInfo|Win32.Build.0 = Release|Win32
		{2A58A3EA-9220-499A-973C-C51DAC2D616B}.RelWithDebInfo|x64.ActiveCfg = Release|Win32
		{BB267CAA-A7C3-44E8-B54F-8A750AB05857}.Debug|Win32.ActiveCfg = Debug|Win32
		{BB267CAA-A7C3-44E8-B54F-8A750AB05857}.Debug|Win32.Build.0 = Debug|Win32
		{BB267CAA-A7C3-44E8-B54F-8A750AB05857}.Debug|x64.ActiveCfg = Debug|Win32
		{BB267CAA-A7C3-44E8-B54F-8A750AB05857}.Release|Win32.ActiveCfg = Release|Win32
		{BB267CAA-A7C3-44E8-B54F-8A750AB05857}.Release|Win32.Build.0 = Release|Win32
		{BB267CAA-A7C3-44E8-B54F-8A750AB05857}.Release|x64.ActiveCfg = Release|Win32
		{BB267CAA-A7C3-44E8-B54F-8A750AB05857}.RelWithDebInfo|Win32.ActiveCfg = Release|Win32
		{BB267CAA-A7C3-44E8-B54F-8A750AB05857}.RelWithDebInfo|Win32.Build.0 = Release|Win32
		{BB267CAA-A7C3-44E8-B54F-8A750AB05857}.RelWithDebInfo|x64.ActiveCfg = Release|Win32
		{8E0532AF-3E42-4E91-9BEB-12BE585CA4C7}.Debug|Win32.ActiveCfg = Debug|Win32
		{8E0532AF-3E42-4E91-9BEB-12BE585CA4C7}.Debug|Win32.Build.0 = Debug|Win32
		{8E0532AF-3E42-4E91-9BEB-12BE585CA4C7}.Debug|x64.ActiveCfg = Debug|Win32
		{8E0532AF-3E42-4E91-9BEB-12BE585CA4C7}.Release|Win32.ActiveCfg = Release|Win32
		{8E0532AF-3E42-4E91-9BEB-12BE585CA4C7}.Release|Win32.Build.0 = Release|Win32
		{8E0532AF-3E42-4E91-9BEB-12BE585CA4C7}.Release|x64.ActiveCfg = Release|Win32
		{8E0532AF-3E42-4E91-9BEB-12BE585CA4C7}.RelWithDebInfo|Win32.ActiveCfg = Release|Win32
		{8E0532AF-3E42-4E91-9BEB-12BE585CA4C7}.RelWithDebInfo|Win32.Build.0 = Release|Win32
		{8E0532AF-3E42-4E91-9BEB-12BE585CA4C7}.RelWithDebInfo|x64.ActiveCfg = Release|Win32
		{E4B2A3D6-78CC-46AA-8AA4-FC47E936F6EA}.Debug|Win32.ActiveCfg = Debug|Win32
		{E4B2A3D6-78CC-46AA-8AA4-FC47E936F6EA}.Debug|Win32.Build.0 = Debug|Win32
		{E4B2A3D6-78CC-46AA-8AA4-FC47E936F6EA}.Debug|x64.ActiveCfg = Debug|Win32
		{E4B2A3D6-78CC-46AA-8AA4-FC47E936F6EA}.Release|Win32.ActiveCfg = Release|Win32
		{E4B2A3D6-78CC-46AA-8AA4-FC47E936F6EA}.Release|Win32.Build.0 = Release|Win32
		{E4B2A3D6-78CC-46AA-8AA4-FC47E936F6EA}.Release|x64.ActiveCfg = Release|Win32
		{E4B2A3D6-78CC-46AA-8AA4-FC47E936F6EA}.RelWithDebInfo|Win32.ActiveCfg = Release|Win32
		{E4B2A3D6-78CC-46AA-8AA4-FC47E936F6EA}.RelWithDebInfo|Win32.Build.0 = Release|Win32
		{E4B2A3D6-78CC-46AA-8AA4-FC47E936F6EA}.RelWithDebInfo|x64.ActiveCfg = Release|Win32
		{058620E5-D780-4A57-B3EA-FF4728C6BD25}.Debug|Win32.ActiveCfg = Debug|Win32
		{058620E5-D780-4A57-B3EA-FF4728C6BD25}.Debug|Win32.Build.0 = Debug|Win32
		{058620E5-D780-4A57-B3EA-FF4728C6BD25}.Debug|x64.ActiveCfg = Debug|Win32
		{058620E5-D780-4A57-B3EA-FF4728C6BD25}.Release|Win32.ActiveCfg = Release|Win32
		{058620E5-D780-4A57-B3EA-FF4728C6BD25}.Release|Win32.Build.0 = Release|Win32
		{058620E5-D780-4A57-B3EA-FF4728C6BD25}.Release|x64.ActiveCfg = Release|Win32
		{058620E5-D780-4A57-B3EA-FF4728C6BD25}.RelWithDebInfo|Win32.ActiveCfg = Release|Win32
		{058620E5-D780-4A57-B3EA-FF4728C6BD25}.RelWithDebInfo|Win32.Build.0 = Release|Win32
		{058620E5-D780-4A57-B3EA-FF4728C6BD25}.RelWithDebInfo|x64.ActiveCfg = Release|Win32
		{8C70D738-2DD5-425F-A9A5-43FBAAD12D61}.Debug|Win32.ActiveCfg = Debug|Win32
		{8C70D738-2DD5-425F-A9A5-43FBAAD12D61}.Debug|Win32.Build.0 = Debug|Win32
		{8C70D738-2DD5-425F-A9A5-43FBAAD12D61}.Debug|x64.ActiveCfg = Debug|x64
		{8C70D738-2DD5-425F-A9A5-43FBAAD12D61}.Debug|x64.Build.0 = Debug|x64
		{8C70D738-2DD5-425F-A9A5-43FBAAD12D61}.Release|Win32.ActiveCfg = Release|Win32
		{8C70D738-2DD5-425F-A9A5-43FBAAD12D61}.Release|Win32.Build.0 = Release|Win32
		{8C70D738-2DD5-425F-A9A5-43FBAAD12D61}.Release|x64.ActiveCfg = Release|x64
		{8C70D738-2DD5-425F-A9A5-43FBAAD12D61}.Release|x64.Build.0 = Release|x64
		{8C70D738-2DD5-425F-A9A5-43FBAAD12D61}.RelWithDebInfo|Win32.ActiveCfg = Release|Win32
		{8C70D738-2DD5-425F-A9A5-43FBAAD12D61}.RelWithDebInfo|Win32.Build.0 = Release|Win32
		{8C70D738-2DD5-425F-A9A5-43FBAAD12D61}.RelWithDebInfo|x64.ActiveCfg = Release|x64
		{8C70D738-2DD5-425F-A9A5-43FBAAD12D61}.RelWithDebInfo|x64.Build.0 = Release|x64
		{5316FE0E-724D-4668-8B9B-D96B24CBCC24}.Debug|Win32.ActiveCfg = Debug|Win32
		{5316FE0E-724D-4668-8B9B-D96B24CBCC24}.Debug|Win32.Build.0 = Debug|Win32
		{5316FE0E-724D-4668-8B9B-D96B24CBCC24}.Debug|x64.ActiveCfg = Debug|Win32
		{5316FE0E-724D-4668-8B9B-D96B24CBCC24}.Release|Win32.ActiveCfg = Release|Win32
		{5316FE0E-724D-4668-8B9B-D96B24CBCC24}.Release|Win32.Build.0 = Release|Win32
		{5316FE0E-724D-4668-8B9B-D96B24CBCC24}.Release|x64.ActiveCfg = Release|Win32
		{5316FE0E-724D-4668-8B9B-D96B24CBCC24}.RelWithDebInfo|Win32.ActiveCfg = Release|Win32
		{5316FE0E-724D-4668-8B9B-D96B24CBCC24}.RelWithDebInfo|Win32.Build.0 = Release|Win32
		{5316FE0E-724D-4668-8B9B-D96B24CBCC24}.RelWithDebInfo|x64.ActiveCfg = Release|Win32
		{834DC5BE-EB86-4DF2-A710-2D5BC2E4F89E}.Debug|Win32.ActiveCfg = Debug|Win32
		{834DC5BE-EB86-4DF2-A710-2D5BC2E4F89E}.Debug|Win32.Build.0 = Debug|Win32
		{834DC5BE-EB86-4DF2-A710-2D5BC2E4F89E}.Debug|x64.ActiveCfg = Debug|Win32
		{834DC5BE-EB86-4DF2-A710-2D5BC2E4F89E}.Release|Win32.ActiveCfg = Release|Win32
		{834DC5BE-EB86-4DF2-A710-2D5BC2E4F89E}.Release|Win32.Build.0 = Release|Win32
		{834DC5BE-EB86-4DF2-A710-2D5BC2E4F89E}.Release|x64.ActiveCfg = Release|Win32
		{834DC5BE-EB86-4DF2-A710-2D5BC2E4F89E}.RelWithDebInfo|Win32.ActiveCfg = Release|Win32
		{834DC5BE-EB86-4DF2-A710-2D5BC2E4F89E}.RelWithDebInfo|Win32.Build.0 = Release|Win32
		{834DC5BE-EB86-4DF2-A710-2D5BC2E4F89E}.RelWithDebInfo|x64.ActiveCfg = Release|Win32
		{DE314984-A484-44B3-828F-3DC6A1E91D2D}.Debug|Win32.ActiveCfg = Debug|Win32
		{DE314984-A484-44B3-828F-3DC6A1E91D2D}.Debug|Win32.Build.0 = Debug|Win32
		{DE314984-A484-44B3-828F-3DC6A1E91D2D}.Debug|x64.ActiveCfg = Debug|Win32
		{DE314984-A484-44B3-828F-3DC6A1E91D2D}.Release|Win32.ActiveCfg = Release|Win32
		{DE314984-A484-44B3-828F-3DC6A1E91D2D}.Release|Win32.Build.0 = Release|Win32
		{DE314984-A484-44B3-828F-3DC6A1E91D2D}.Release|x64.ActiveCfg = Release|Win32
		{DE314984-A484-44B3-828F-3DC6A1E91D2D}.RelWithDebInfo|Win32.ActiveCfg = Release|Win32
		{DE314984-A484-44B3-828F-3DC6A1E91D2D}.RelWithDebInfo|Win32.Build.0 = Release|Win32
		{DE314984-A484-44B3-828F-3DC6A1E91D2D}.RelWithDebInfo|x64.ActiveCfg = Release|Win32
		{40838258-0EC4-40CB-862D-FA0D3C57592C}.Debug|Win32.ActiveCfg = Debug|Win32
		{40838258-0EC4-40CB-862D-FA0D3C57592C}.Debug|Win32.Build.0 = Debug|Win32
		{40838258-0EC4-40CB-862D-FA0D3C57592C}.Debug|x64.ActiveCfg = Debug|Win32
		{40838258-0EC4-40CB-862D-FA0D3C57592C}.Release|Win32.ActiveCfg = Release|Win32
		{40838258-0EC4-40CB-862D-FA0D3C57592C}.Release|Win32.Build.0 = Release|Win32
		{40838258-0EC4-40CB-862D-FA0D3C57592C}.Release|x64.ActiveCfg = Release|Win32
		{40838258-0EC4-40CB-862D-FA0D3C57592C}.RelWithDebInfo|Win32.ActiveCfg = Release|Win32
		{40838258-0EC4-40CB-862D-FA0D3C57592C}.RelWithDebInfo|Win32.Build.0 = Release|Win32
		{40838258-0EC4-40CB-862D-FA0D3C57592C}.RelWithDebInfo|x64.ActiveCfg = Release|Win32
		{34FA68C9-8632-4FCA-9E98-BE4ACC4BBE65}.Debug|Win32.ActiveCfg = Debug|Win32
		{34FA68C9-8632-4FCA-9E98-BE4ACC4BBE65}.Debug|Win32.Build.0 = Debug|Win32
		{34FA68C9-8632-4FCA-9E98-BE4ACC4BBE65}.Debug|x64.ActiveCfg = Debug|Win32
		{34FA68C9-8632-4FCA-9E98-BE4ACC4BBE65}.Release|Win32.ActiveCfg = Release|Win32
		{34FA68C9-8632-4FCA-9E98-BE4ACC4BBE65}.Release|Win32.Build.0 = Release|Win32
		{34FA68C9-8632-4FCA-9E98-BE4ACC4BBE65}.Release|x64.ActiveCfg = Release|Win32
		{34FA68C9-8632-4FCA-9E98-BE4ACC4BBE65}.RelWithDebInfo|Win32.ActiveCfg = Release|Win32
		{34FA68C9-8632-4FCA-9E98-BE4ACC4BBE65}.RelWithDebInfo|Win32.Build.0 = Release|Win32
		{34FA68C9-8632-4FCA-9E98-BE4ACC4BBE65}.RelWithDebInfo|x64.ActiveCfg = Release|Win32
		{33C0CE87-7A1B-4945-BDFD-A63AC1E8A99E}.Debug|Win32.ActiveCfg = Debug|Win32
		{33C0CE87-7A1B-4945-BDFD-A63AC1E8A99E}.Debug|Win32.Build.0 = Debug|Win32
		{33C0CE87-7A1B-4945-BDFD-A63AC1E8A99E}.Debug|x64.ActiveCfg = Debug|Win32
		{33C0CE87-7A1B-4945-BDFD-A63AC1E8A99E}.Release|Win32.ActiveCfg = Release|Win32
		{33C0CE87-7A1B-4945-BDFD-A63AC1E8A99E}.Release|Win32.Build.0 = Release|Win32
		{33C0CE87-7A1B-4945-BDFD-A63AC1E8A99E}.Release|x64.ActiveCfg = Release|Win32
		{33C0CE87-7A1B-4945-BDFD-A63AC1E8A99E}.RelWithDebInfo|Win32.ActiveCfg = Release|Win32
		{33C0CE87-7A1B-4945-BDFD-A63AC1E8A99E}.RelWithDebInfo|Win32.Build.0 = Release|Win32
		{33C0CE87-7A1B-4945-BDFD-A63AC1E8A99E}.RelWithDebInfo|x64.ActiveCfg = Release|Win32
		{7ED38497-3FEF-42C5-953D-0916CAA17942}.Debug|Win32.ActiveCfg = Debug|Win32
		{7ED38497-3FEF-42C5-953D-0916CAA17942}.Debug|Win32.Build.0 = Debug|Win32
		{7ED38497-3FEF-42C5-953D-0916CAA17942}.Debug|x64.ActiveCfg = Debug|Win32
		{7ED38497-3FEF-42C5-953D-0916CAA17942}.Release|Win32.ActiveCfg = Release|Win32
		{7ED38497-3FEF-42C5-953D-0916CAA17942}.Release|Win32.Build.0 = Release|Win32
		{7ED38497-3FEF-42C5-953D-0916CAA17942}.Release|x64.ActiveCfg = Release|Win32
		{7ED38497-3FEF-42C5-953D-0916CAA17942}.RelWithDebInfo|Win32.ActiveCfg = Release|Win32
		{7ED38497-3FEF-42C5-953D-0916CAA17942}.RelWithDebInfo|Win32.Build.0 = Release|Win32
		{7ED38497-3FEF-42C5-953D-0916CAA17942}.RelWithDebInfo|x64.ActiveCfg = Release|Win32
		{509D3C0F-4072-4C12-928F-6E981ADE3A73}.Debug|Win32.ActiveCfg = Debug|Win32
		{509D3C0F-4072-4C12-928F-6E981ADE3A73}.Debug|Win32.Build.0 = Debug|Win32
		{509D3C0F-4072-4C12-928F-6E981ADE3A73}.Debug|x64.ActiveCfg = Debug|Win32
		{509D3C0F-4072-4C12-928F-6E981ADE3A73}.Release|Win32.ActiveCfg = Release|Win32
		{509D3C0F-4072-4C12-928F-6E981ADE3A73}.Release|Win32.Build.0 = Release|Win32
		{509D3C0F-4072-4C12-928F-6E981ADE3A73}.Release|x64.ActiveCfg = Release|Win32
		{509D3C0F-4072-4C12-928F-6E981ADE3A73}.RelWithDebInfo|Win32.ActiveCfg = Release|Win32
		{509D3C0F-4072-4C12-928F-6E981ADE3A73}.RelWithDebInfo|Win32.Build.0 = Release|Win32
		{509D3C0F-4072-4C12-928F-6E981ADE3A73}.RelWithDebInfo|x64.ActiveCfg = Release|Win32
		{27C481B1-6DB1-464C-96F6-F8C685386B45}.Debug|Win32.ActiveCfg = Debug|Win32
		{27C481B1-6DB1-464C-96F6-F8C685386B45}.Debug|Win32.Build.0 = Debug|Win32
		{27C481B1-6DB1-464C-96F6-F8C685386B45}.Debug|x64.ActiveCfg = Debug|Win32
		{27C481B1-6DB1-464C-96F6-F8C685386B45}.Release|Win32.ActiveCfg = Release|Win32
		{27C481B1-6DB1-464C-96F6-F8C685386B45}.Release|Win32.Build.0 = Release|Win32
		{27C481B1-6DB1-464C-96F6-F8C685386B45}.Release|x64.ActiveCfg = Release|Win32
		{27C481B1-6DB1-464C-96F6-F8C685386B45}.RelWithDebInfo|Win32.ActiveCfg = Release|Win32
		{27C481B1-6DB1-464C-96F6-F8C685386B45}.RelWithDebInfo|Win32.Build.0 = Release|Win32
		{27C481B1-6DB1-464C-96F6-F8C685386B45}.RelWithDebInfo|x64.ActiveCfg = Release|Win32
		{6EAAFC54-1A72-4110-97DE-D76561DAE99A}.Debug|Win32.ActiveCfg = Debug|Win32
		{6EAAFC54-1A72-4110-97DE-D76561DAE99A}.Debug|Win32.Build.0 = Debug|Win32
		{6EAAFC54-1A72-4110-97DE-D76561DAE99A}.Debug|x64.ActiveCfg = Debug|Win32
		{6EAAFC54-1A72-4110-97DE-D76561DAE99A}.Release|Win32.ActiveCfg = Release|Win32
		{6EAAFC54-1A72-4110-97DE-D76561DAE99A}.Release|Win32.Build.0 = Release|Win32
		{6EAAFC54-1A72-4110-97DE-D76561DAE99A}.Release|x64.ActiveCfg = Release|Win32
		{6EAAFC54-1A72-4110-97DE-D76561DAE99A}.RelWithDebInfo|Win32.ActiveCfg = Release|Win32
		{6EAAFC54-1A72-4110-97DE-D76561DAE99A}.RelWithDebInfo|Win32.Build.0 = Release|Win32
		{6EAAFC54-1A72-4110-97DE-D76561DAE99A}.RelWithDebInfo|x64.ActiveCfg = Release|Win32
		{E8FB50BE-3059-46EB-AC07-F279D8F3D31A}.Debug|Win32.ActiveCfg = Debug|Win32
		{E8FB50BE-3059-46EB-AC07-F279D8F3D31A}.Debug|Win32.Build.0 = Debug|Win32
		{E8FB50BE-3059-46EB-AC07-F279D8F3D31A}.Debug|x64.ActiveCfg = Debug|Win32
		{E8FB50BE-3059-46EB-AC07-F279D8F3D31A}.Release|Win32.ActiveCfg = Release|Win32
		{E8FB50BE-3059-46EB-AC07-F279D8F3D31A}.Release|Win32.Build.0 = Release|Win32
		{E8FB50BE-3059-46EB-AC07-F279D8F3D31A}.Release|x64.ActiveCfg = Release|Win32
		{E8FB50BE-3059-46EB-AC07-F279D8F3D31A}.RelWithDebInfo|Win32.ActiveCfg = Release|Win32
		{E8FB50BE-3059-46EB-AC07-F279D8F3D31A}.RelWithDebInfo|Win32.Build.0 = Release|Win32
		{E8FB50BE-3059-46EB-AC07-F279D8F3D31A}.RelWithDebInfo|x64.ActiveCfg = Release|Win32
		{3F62250F-84FF-4AF0-96EB-B9D480C70769}.Debug|Win32.ActiveCfg = Debug|Win32
		{3F62250F-84FF-4AF0-96EB-B9D480C70769}.Debug|Win32.Build.0 = Debug|Win32
		{3F62250F-84FF-4AF0-96EB-B9D480C70769}.Debug|x64.ActiveCfg = Debug|Win32
		{3F62250F-84FF-4AF0-96EB-B9D480C70769}.Release|Win32.ActiveCfg = Release|Win32
		{3F62250F-84FF-4AF0-96EB-B9D480C70769}.Release|Win32.Build.0 = Release|Win32
		{3F62250F-84FF-4AF0-96EB-B9D480C70769}.Release|x64.ActiveCfg = Release|Win32
		{3F62250F-84FF-4AF0-96EB-B9D480C70769}.RelWithDebInfo|Win32.ActiveCfg = Release|Win32
		{3F62250F-84FF-4AF0-96EB-B9D480C70769}.RelWithDebInfo|Win32.Build.0 = Release|Win32
		{3F62250F-84FF-4AF0-96EB-B9D480C70769}.RelWithDebInfo|x64.ActiveCfg = Release|Win32
		{4A72E1F5-B16B-4F39-87D1-A85033ABBB6B}.Debug|Win32.ActiveCfg = Debug|Win32
		{4A72E1F5-B16B-4F39-87D1-A85033ABBB6B}.Debug|Win32.Build.0 = Debug|Win32
		{4A72E1F5-B16B-4F39-87D1-A85033ABBB6B}.Debug|x64.ActiveCfg = Debug|Win32
		{4A72E1F5-B16B-4F39-87D1-A85033ABBB6B}.Release|Win32.ActiveCfg = Release|Win32
		{4A72E1F5-B16B-4F39-87D1-A85033ABBB6B}.Release|Win32.Build.0 = Release|Win32
		{4A72E1F5-B16B-4F39-87D1-A85033ABBB6B}.Release|x64.ActiveCfg = Release|Win32
		{4A72E1F5-B16B-4F39-87D1-A85033ABBB6B}.RelWithDebInfo|Win32.ActiveCfg = Release|Win32
		{4A72E1F5-B16B-4F39-87D1-A85033ABBB6B}.RelWithDebInfo|Win32.Build.0 = Release|Win32
		{4A72E1F5-B16B-4F39-87D1-A85033ABBB6B}.RelWithDebInfo|x64.ActiveCfg = Release|Win32
		{F07D0F73-BACB-49D8-B656-62D439C68A21}.Debug|Win32.ActiveCfg = Debug|Win32
		{F07D0F73-BACB-49D8-B656-62D439C68A21}.Debug|Win32.Build.0 = Debug|Win32
		{F07D0F73-BACB-49D8-B656-62D439C68A21}.Debug|x64.ActiveCfg = Debug|Win32
		{F07D0F73-BACB-49D8-B656-62D439C68A21}.Release|Win32.ActiveCfg = Release|Win32
		{F07D0F73-BACB-49D8-B656-62D439C68A21}.Release|Win32.Build.0 = Release|Win32
		{F07D0F73-BACB-49D8-B656-62D439C68A21}.Release|x64.ActiveCfg = Release|Win32
		{F07D0F73-BACB-49D8-B656-62D439C68A21}.RelWithDebInfo|Win32.ActiveCfg = Release|Win32
		{F07D0F73-BACB-49D8-B656-62D439C68A21}.RelWithDebInfo|Win32.Build.0 = Release|Win32
		{F07D0F73-BACB-49D8-B656-62D439C68A21}.RelWithDebInfo|x64.ActiveCfg = Release|Win32
		{BCD55859-85C1-4F41-85B8-A945C69B1597}.Debug|Win32.ActiveCfg = Debug|Win32
		{BCD55859-85C1-4F41-85B8-A945C69B1597}.Debug|Win32.Build.0 = Debug|Win32
		{BCD55859-85C1-4F41-85B8-A945C69B1597}.Debug|x64.ActiveCfg = Debug|Win32
		{BCD55859-85C1-4F41-85B8-A945C69B1597}.Release|Win32.ActiveCfg = Release|Win32
		{BCD55859-85C1-4F41-85B8-A945C69B1597}.Release|Win32.Build.0 = Release|Win32
		{BCD55859-85C1-4F41-85B8-A945C69B1597}.Release|x64.ActiveCfg = Release|Win32
		{BCD55859-85C1-4F41-85B8-A945C69B1597}.RelWithDebInfo|Win32.ActiveCfg = Release|Win32
		{BCD55859-85C1-4F41-85B8-A945C69B1597}.RelWithDebInfo|Win32.Build.0 = Release|Win32
		{BCD55859-85C1-4F41-85B8-A945C69B1597}.RelWithDebInfo|x64.ActiveCfg = Release|Win32
		{2307659F-639F-47A3-B4FF-33EA87E5D256}.Debug|Win32.ActiveCfg = Debug|Win32
		{2307659F-639F-47A3-B4FF-33EA87E5D256}.Debug|Win32.Build.0 = Debug|Win32
		{2307659F-639F-47A3-B4FF-33EA87E5D256}.Debug|x64.ActiveCfg = Debug|Win32
		{2307659F-639F-47A3-B4FF-33EA87E5D256}.Release|Win32.ActiveCfg = Release|Win32
		{2307659F-639F-47A3-B4FF-33EA87E5D256}.Release|Win32.Build.0 = Release|Win32
		{2307659F-639F-47A3-B4FF-33EA87E5D256}.Release|x64.ActiveCfg = Release|Win32
		{2307659F-639F-47A3-B4FF-33EA87E5D256}.RelWithDebInfo|Win32.ActiveCfg = Release|Win32
		{2307659F-639F-47A3-B4FF-33EA87E5D256}.RelWithDebInfo|Win32.Build.0 = Release|Win32
		{2307659F-639F-47A3-B4FF-33EA87E5D256}.RelWithDebInfo|x64.ActiveCfg = Release|Win32
		{21153964-CDDD-4CF8-A3EA-C3E24CC31897}.Debug|Win32.ActiveCfg = Debug|Win32
		{21153964-CDDD-4CF8-A3EA-C3E24CC31897}.Debug|Win32.Build.0 = Debug|Win32
		{21153964-CDDD-4CF8-A3EA-C3E24CC31897}.Debug|x64.ActiveCfg = Debug|Win32
		{21153964-CDDD-4CF8-A3EA-C3E24CC31897}.Release|Win32.ActiveCfg = Release|Win32
		{21153964-CDDD-4CF8-A3EA-C3E24CC31897}.Release|Win32.Build.0 = Release|Win32
		{21153964-CDDD-4CF8-A3EA-C3E24CC31897}.Release|x64.ActiveCfg = Release|Win32
		{21153964-CDDD-4CF8-A3EA-C3E24CC31897}.RelWithDebInfo|Win32.ActiveCfg = Release|Win32
		{21153964-CDDD-4CF8-A3EA-C3E24CC31897}.RelWithDebInfo|Win32.Build.0 = Release|Win32
		{21153964-CDDD-4CF8-A3EA-C3E24CC31897}.RelWithDebInfo|x64.ActiveCfg = Release|Win32
		{AA6A08E5-E227-4409-930E-00D71EBE529A}.Debug|Win32.ActiveCfg = Debug|Win32
		{AA6A08E5-E227-4409-930E-00D71EBE529A}.Debug|Win32.Build.0 = Debug|Win32
		{AA6A08E5-E227-4409-930E-00D71EBE529A}.Debug|x64.ActiveCfg = Debug|Win32
		{AA6A08E5-E227-4409-930E-00D71EBE529A}.Release|Win32.ActiveCfg = Release|Win32
		{AA6A08E5-E227-4409-930E-00D71EBE529A}.Release|Win32.Build.0 = Release|Win32
		{AA6A08E5-E227-4409-930E-00D71EBE529A}.Release|x64.ActiveCfg = Release|Win32
		{AA6A08E5-E227-4409-930E-00D71EBE529A}.RelWithDebInfo|Win32.ActiveCfg = Release|Win32
		{AA6A08E5-E227-4409-930E-00D71EBE529A}.RelWithDebInfo|Win32.Build.0 = Release|Win32
		{AA6A08E5-E227-4409-930E-00D71EBE529A}.RelWithDebInfo|x64.ActiveCfg = Release|Win32
		{32E86F5D-20A9-451C-A8A4-89DF32848226}.Debug|Win32.ActiveCfg = Debug|Win32
		{32E86F5D-20A9-451C-A8A4-89DF32848226}.Debug|Win32.Build.0 = Debug|Win32
		{32E86F5D-20A9-451C-A8A4-89DF32848226}.Debug|x64.ActiveCfg = Debug|Win32
		{32E86F5D-20A9-451C-A8A4-89DF32848226}.Release|Win32.ActiveCfg = Release|Win32
		{32E86F5D-20A9-451C-A8A4-89DF32848226}.Release|Win32.Build.0 = Release|Win32
		{32E86F5D-20A9-451C-A8A4-89DF32848226}.Release|x64.ActiveCfg = Release|Win32
		{32E86F5D-20A9-451C-A8A4-89DF32848226}.RelWithDebInfo|Win32.ActiveCfg = Release|Win32
		{32E86F5D-20A9-451C-A8A4-89DF32848226}.RelWithDebInfo|Win32.Build.0 = Release|Win32
		{32E86F5D-20A9-451C-A8A4-89DF32848226}.RelWithDebInfo|x64.ActiveCfg = Release|Win32
		{6377B259-1B11-420F-9926-18FE4C8D9BA0}.Debug|Win32.ActiveCfg = Debug|Win32
		{6377B259-1B11-420F-9926-18FE4C8D9BA0}.Debug|Win32.Build.0 = Debug|Win32
		{6377B259-1B11-420F-9926-18FE4C8D9BA0}.Debug|x64.ActiveCfg = Debug|Win32
		{6377B259-1B11-420F-9926-18FE4C8D9BA0}.Release|Win32.ActiveCfg = Release|Win32
		{6377B259-1B11-420F-9926-18FE4C8D9BA0}.Release|Win32.Build.0 = Release|Win32
		{6377B259-1B11-420F-9926-18FE4C8D9BA0}.Release|x64.ActiveCfg = Release|Win32
		{6377B259-1B11-420F-9926-18FE4C8D9BA0}.RelWithDebInfo|Win32.ActiveCfg = Release|Win32
		{6377B259-1B11-420F-9926-18FE4C8D9BA0}.RelWithDebInfo|Win32.Build.0 = Release|Win32
		{6377B259-1B11-420F-9926-18FE4C8D9BA0}.RelWithDebInfo|x64.ActiveCfg = Release|Win32
		{A79D485C-6813-434A-A9E2-68FBECF6C6E4}.Debug|Win32.ActiveCfg = Debug|Win32
		{A79D485C-6813-434A-A9E2-68FBECF6C6E4}.Debug|Win32.Build.0 = Debug|Win32
		{A79D485C-6813-434A-A9E2-68FBECF6C6E4}.Debug|x64.ActiveCfg = Debug|Win32
		{A79D485C-6813-434A-A9E2-68FBECF6C6E4}.Release|Win32.ActiveCfg = Release|Win32
		{A79D485C-6813-434A-A9E2-68FBECF6C6E4}.Release|Win32.Build.0 = Release|Win32
		{A79D485C-6813-434A-A9E2-68FBECF6C6E4}.Release|x64.ActiveCfg = Release|Win32
		{A79D485C-6813-434A-A9E2-68FBECF6C6E4}.RelWithDebInfo|Win32.ActiveCfg = Release|Win32
		{A79D485C-6813-434A-A9E2-68FBECF6C6E4}.RelWithDebInfo|Win32.Build.0 = Release|Win32
		{A79D485C-6813-434A-A9E2-68FBECF6C6E4}.RelWithDebInfo|x64.ActiveCfg = Release|Win32
		{F44E5A28-9D16-4B51-BEF2-0DC79FCF776E}.Debug|Win32.ActiveCfg = Debug|Win32
		{F44E5A28-9D16-4B51-BEF2-0DC79FCF776E}.Debug|Win32.Build.0 = Debug|Win32
		{F44E5A28-9D16-4B51-BEF2-0DC79FCF776E}.Debug|x64.ActiveCfg = Debug|Win32
		{F44E5A28-9D16-4B51-BEF2-0DC79FCF776E}.Release|Win32.ActiveCfg = Release|Win32
		{F44E5A28-9D16-4B51-BEF2-0DC79FCF776E}.Release|Win32.Build.0 = Release|Win32
		{F44E5A28-9D16-4B51-BEF2-0DC79FCF776E}.Release|x64.ActiveCfg = Release|Win32
		{F44E5A28-9D16-4B51-BEF2-0DC79FCF776E}.RelWithDebInfo|Win32.ActiveCfg = Release|Win32
		{F44E5A28-9D16-4B51-BEF2-0DC79FCF776E}.RelWithDebInfo|Win32.Build.0 = Release|Win32
		{F44E5A28-9D16-4B51-BEF2-0DC79FCF776E}.RelWithDebInfo|x64.ActiveCfg = Release|Win32
		{C1417FC3-3B79-435B-9AF8-0D4C65058BC7}.Debug|Win32.ActiveCfg = Debug|Win32
		{C1417FC3-3B79-435B-9AF8-0D4C65058BC7}.Debug|Win32.Build.0 = Debug|Win32
		{C1417FC3-3B79-435B-9AF8-0D4C65058BC7}.Debug|x64.ActiveCfg = Debug|Win32
		{C1417FC3-3B79-435B-9AF8-0D4C65058BC7}.Release|Win32.ActiveCfg = Release|Win32
		{C1417FC3-3B79-435B-9AF8-0D4C65058BC7}.Release|Win32.Build.0 = Release|Win32
		{C1417FC3-3B79-435B-9AF8-0D4C65058BC7}.Release|x64.ActiveCfg = Release|Win32
		{C1417FC3-3B79-435B-9AF8-0D4C65058BC7}.RelWithDebInfo|Win32.ActiveCfg = Release|Win32
		{C1417FC3-3B79-435B-9AF8-0D4C65058BC7}.RelWithDebInfo|Win32.Build.0 = Release|Win32
		{C1417FC3-3B79-435B-9AF8-0D4C65058BC7}.RelWithDebInfo|x64.ActiveCfg = Release|Win32
		{15468992-460C-4045-9331-54D4571A6347}.Debug|Win32.ActiveCfg = Debug|Win32
		{15468992-460C-4045-9331-54D4571A6347}.Debug|Win32.Build.0 = Debug|Win32
		{15468992-460C-4045-9331-54D4571A6347}.Debug|x64.ActiveCfg = Debug|Win32
		{15468992-460C-4045-9331-54D4571A6347}.Release|Win32.ActiveCfg = Release|Win32
		{15468992-460C-4045-9331-54D4571A6347}.Release|Win32.Build.0 = Release|Win32
		{15468992-460C-4045-9331-54D4571A6347}.Release|x64.ActiveCfg = Release|Win32
		{15468992-460C-4045-9331-54D4571A6347}.RelWithDebInfo|Win32.ActiveCfg = Release|Win32
		{15468992-460C-4045-9331-54D4571A6347}.RelWithDebInfo|Win32.Build.0 = Release|Win32
		{15468992-460C-4045-9331-54D4571A6347}.RelWithDebInfo|x64.ActiveCfg = Release|Win32
		{256C1A3D-E705-431D-9040-D6D3C93296B0}.Debug|Win32.ActiveCfg = Debug|Win32
		{256C1A3D-E705-431D-9040-D6D3C93296B0}.Debug|Win32.Build.0 = Debug|Win32
		{256C1A3D-E705-431D-9040-D6D3C93296B0}.Debug|x64.ActiveCfg = Debug|Win32
		{256C1A3D-E705-431D-9040-D6D3C93296B0}.Release|Win32.ActiveCfg = Release|Win32
		{256C1A3D-E705-431D-9040-D6D3C93296B0}.Release|Win32.Build.0 = Release|Win32
		{256C1A3D-E705-431D-9040-D6D3C93296B0}.Release|x64.ActiveCfg = Release|Win32
		{256C1A3D-E705-431D-9040-D6D3C93296B0}.RelWithDebInfo|Win32.ActiveCfg = Release|Win32
		{256C1A3D-E705-431D-9040-D6D3C93296B0}.RelWithDebInfo|Win32.Build.0 = Release|Win32
		{256C1A3D-E705-431D-9040-D6D3C93296B0}.RelWithDebInfo|x64.ActiveCfg = Release|Win32
		{268C0142-72BD-4FE5-9266-C7749D1D4C51}.Debug|Win32.ActiveCfg = Debug|Win32
		{268C0142-72BD-4FE5-9266-C7749D1D4C51}.Debug|Win32.Build.0 = Debug|Win32
		{268C0142-72BD-4FE5-9266-C7749D1D4C51}.Debug|x64.ActiveCfg = Debug|Win32
		{268C0142-72BD-4FE5-9266-C7749D1D4C51}.Release|Win32.ActiveCfg = Release|Win32
		{268C0142-72BD-4FE5-9266-C7749D1D4C51}.Release|Win32.Build.0 = Release|Win32
		{268C0142-72BD-4FE5-9266-C7749D1D4C51}.Release|x64.ActiveCfg = Release|Win32
		{268C0142-72BD-4FE5-9266-C7749D1D4C51}.RelWithDebInfo|Win32.ActiveCfg = Release|Win32
		{268C0142-72BD-4FE5-9266-C7749D1D4C51}.RelWithDebInfo|Win32.Build.0 = Release|Win32
		{268C0142-72BD-4FE5-9266-C7749D1D4C51}.RelWithDebInfo|x64.ActiveCfg = Release|Win32
		{8B4B060B-9F1C-4DD3-A80E-4DC9CF191184}.Debug|Win32.ActiveCfg = Debug|Win32
		{8B4B060B-9F1C-4DD3-A80E-4DC9CF191184}.Debug|Win32.Build.0 = Debug|Win32
		{8B4B060B-9F1C-4DD3-A80E-4DC9CF191184}.Debug|x64.ActiveCfg = Debug|Win32
		{8B4B060B-9F1C-4DD3-A80E-4DC9CF191184}.Release|Win32.ActiveCfg = Release|Win32
		{8B4B060B-9F1C-4DD3-A80E-4DC9CF191184}.Release|Win32.Build.0 = Release|Win32
		{8B4B060B-9F1C-4DD3-A80E-4DC9CF191184}.Release|x64.ActiveCfg = Release|Win32
		{8B4B060B-9F1C-4DD3-A80E-4DC9CF191184}.RelWithDebInfo|Win32.ActiveCfg = Release|Win32
		{8B4B060B-9F1C-4DD3-A80E-4DC9CF191184}.RelWithDebInfo|Win32.Build.0 = Release|Win32
		{8B4B060B-9F1C-4DD3-A80E-4DC9CF191184}.RelWithDebInfo|x64.ActiveCfg = Release|Win32
		{866DB7E3-AEDF-4B5F-8EE6-1F79B3628A23}.Debug|Win32.ActiveCfg = Debug|Win32
		{866DB7E3-AEDF-4B5F-8EE6-1F79B3628A23}.Debug|Win32.Build.0 = Debug|Win32
		{866DB7E3-AEDF-4B5F-8EE6-1F79B3628A23}.Debug|x64.ActiveCfg = Debug|Win32
		{866DB7E3-AEDF-4B5F-8EE6-1F79B3628A23}.Release|Win32.ActiveCfg = Release|Win32
		{866DB7E3-AEDF-4B5F-8EE6-1F79B3628A23}.Release|Win32.Build.0 = Release|Win32
		{866DB7E3-AEDF-4B5F-8EE6-1F79B3628A23}.Release|x64.ActiveCfg = Release|Win32
		{866DB7E3-AEDF-4B5F-8EE6-1F79B3628A23}.RelWithDebInfo|Win32.ActiveCfg = Release|Win32
		{866DB7E3-AEDF-4B5F-8EE6-1F79B3628A23}.RelWithDebInfo|Win32.Build.0 = Release|Win32
		{866DB7E3-AEDF-4B5F-8EE6-1F79B3628A23}.RelWithDebInfo|x64.ActiveCfg = Release|Win32
		{DA7DC3E5-41A0-47CA-BDA1-CFEB96F50671}.Debug|Win32.ActiveCfg = Debug|Win32
		{DA7DC3E5-41A0-47CA-BDA1-CFEB96F50671}.Debug|Win32.Build.0 = Debug|Win32
		{DA7DC3E5-41A0-47CA-BDA1-CFEB96F50671}.Debug|x64.ActiveCfg = Debug|Win32
		{DA7DC3E5-41A0-47CA-BDA1-CFEB96F50671}.Release|Win32.ActiveCfg = Release|Win32
		{DA7DC3E5-41A0-47CA-BDA1-CFEB96F50671}.Release|Win32.Build.0 = Release|Win32
		{DA7DC3E5-41A0-47CA-BDA1-CFEB96F50671}.Release|x64.ActiveCfg = Release|Win32
		{DA7DC3E5-41A0-47CA-BDA1-CFEB96F50671}.RelWithDebInfo|Win32.ActiveCfg = Release|Win32
		{DA7DC3E5-41A0-47CA-BDA1-CFEB96F50671}.RelWithDebInfo|Win32.Build.0 = Release|Win32
		{DA7DC3E5-41A0-47CA-BDA1-CFEB96F50671}.RelWithDebInfo|x64.ActiveCfg = Release|Win32
		{70595435-013D-403B-823C-945F874EB6AB}.Debug|Win32.ActiveCfg = Debug|Win32
		{70595435-013D-403B-823C-945F874EB6AB}.Debug|Win32.Build.0 = Debug|Win32
		{70595435-013D-403B-823C-945F874EB6AB}.Debug|x64.ActiveCfg = Debug|Win32
		{70595435-013D-403B-823C-945F874EB6AB}.Release|Win32.ActiveCfg = Release|Win32
		{70595435-013D-403B-823C-945F874EB6AB}.Release|Win32.Build.0 = Release|Win32
		{70595435-013D-403B-823C-945F874EB6AB}.Release|x64.ActiveCfg = Release|Win32
		{70595435-013D-403B-823C-945F874EB6AB}.RelWithDebInfo|Win32.ActiveCfg = Release|Win32
		{70595435-013D-403B-823C-945F874EB6AB}.RelWithDebInfo|Win32.Build.0 = Release|Win32
		{70595435-013D-403B-823C-945F874EB6AB}.RelWithDebInfo|x64.ActiveCfg = Release|Win32
		{AA2D25B4-5003-4AF4-A5D3-331FEBC155EE}.Debug|Win32.ActiveCfg = Debug|Win32
		{AA2D25B4-5003-4AF4-A5D3-331FEBC155EE}.Debug|Win32.Build.0 = Debug|Win32
		{AA2D25B4-5003-4AF4-A5D3-331FEBC155EE}.Debug|x64.ActiveCfg = Debug|Win32
		{AA2D25B4-5003-4AF4-A5D3-331FEBC155EE}.Release|Win32.ActiveCfg = Release|Win32
		{AA2D25B4-5003-4AF4-A5D3-331FEBC155EE}.Release|Win32.Build.0 = Release|Win32
		{AA2D25B4-5003-4AF4-A5D3-331FEBC155EE}.Release|x64.ActiveCfg = Release|Win32
		{AA2D25B4-5003-4AF4-A5D3-331FEBC155EE}.RelWithDebInfo|Win32.ActiveCfg = Release|Win32
		{AA2D25B4-5003-4AF4-A5D3-331FEBC155EE}.RelWithDebInfo|Win32.Build.0 = Release|Win32
		{AA2D25B4-5003-4AF4-A5D3-331FEBC155EE}.RelWithDebInfo|x64.ActiveCfg = Release|Win32
		{09732A64-5EA2-44CE-8F09-8F4495A5573B}.Debug|Win32.ActiveCfg = Debug|Win32
		{09732A64-5EA2-44CE-8F09-8F4495A5573B}.Debug|Win32.Build.0 = Debug|Win32
		{09732A64-5EA2-44CE-8F09-8F4495A5573B}.Debug|x64.ActiveCfg = Debug|Win32
		{09732A64-5EA2-44CE-8F09-8F4495A5573B}.Release|Win32.ActiveCfg = Release|Win32
		{09732A64-5EA2-44CE-8F09-8F4495A5573B}.Release|Win32.Build.0 = Release|Win32
		{09732A64-5EA2-44CE-8F09-8F4495A5573B}.Release|x64.ActiveCfg = Release|Win32
		{09732A64-5EA2-44CE-8F09-8F4495A5573B}.RelWithDebInfo|Win32.ActiveCfg = Release|Win32
		{09732A64-5EA2-44CE-8F09-8F4495A5573B}.RelWithDebInfo|Win32.Build.0 = Release|Win32
		{09732A64-5EA2-44CE-8F09-8F4495A5573B}.RelWithDebInfo|x64.ActiveCfg = Release|Win32
		{808CAA60-27E1-40C9-8821-0A995B5F097E}.Debug|Win32.ActiveCfg = Debug|Win32
		{808CAA60-27E1-40C9-8821-0A995B5F097E}.Debug|Win32.Build.0 = Debug|Win32
		{808CAA60-27E1-40C9-8821-0A995B5F097E}.Debug|x64.ActiveCfg = Debug|Win32
		{808CAA60-27E1-40C9-8821-0A995B5F097E}.Release|Win32.ActiveCfg = Release|Win32
		{808CAA60-27E1-40C9-8821-0A995B5F097E}.Release|Win32.Build.0 = Release|Win32
		{808CAA60-27E1-40C9-8821-0A995B5F097E}.Release|x64.ActiveCfg = Release|Win32
		{808CAA60-27E1-40C9-8821-0A995B5F097E}.RelWithDebInfo|Win32.ActiveCfg = Release|Win32
		{808CAA60-27E1-40C9-8821-0A995B5F097E}.RelWithDebInfo|Win32.Build.0 = Release|Win32
		{808CAA60-27E1-40C9-8821-0A995B5F097E}.RelWithDebInfo|x64.ActiveCfg = Release|Win32
		{D06C77DE-5403-437F-BC2C-EB68D84E1B54}.Debug|Win32.ActiveCfg = Debug|Win32
		{D06C77DE-5403-437F-BC2C-EB68D84E1B54}.Debug|Win32.Build.0 = Debug|Win32
		{D06C77DE-5403-437F-BC2C-EB68D84E1B54}.Debug|x64.ActiveCfg = Debug|Win32
		{D06C77DE-5403-437F-BC2C-EB68D84E1B54}.Release|Win32.ActiveCfg = Release|Win32
		{D06C77DE-5403-437F-BC2C-EB68D84E1B54}.Release|Win32.Build.0 = Release|Win32
		{D06C77DE-5403-437F-BC2C-EB68D84E1B54}.Release|x64.ActiveCfg = Release|Win32
		{D06C77DE-5403-437F-BC2C-EB68D84E1B54}.RelWithDebInfo|Win32.ActiveCfg = Release|Win32
		{D06C77DE-5403-437F-BC2C-EB68D84E1B54}.RelWithDebInfo|Win32.Build.0 = Release|Win32
		{D06C77DE-5403-437F-BC2C-EB68D84E1B54}.RelWithDebInfo|x64.ActiveCfg = Release|Win32
		{1EC402C7-7A26-4C13-9DAD-831E9E01EA29}.Debug|Win32.ActiveCfg = Debug|Win32
		{1EC402C7-7A26-4C13-9DAD-831E9E01EA29}.Debug|Win32.Build.0 = Debug|Win32
		{1EC402C7-7A26-4C13-9DAD-831E9E01EA29}.Debug|x64.ActiveCfg = Debug|Win32
		{1EC402C7-7A26-4C13-9DAD-831E9E01EA29}.Release|Win32.ActiveCfg = Release|Win32
		{1EC402C7-7A26-4C13-9DAD-831E9E01EA29}.Release|Win32.Build.0 = Release|Win32
		{1EC402C7-7A26-4C13-9DAD-831E9E01EA29}.Release|x64.ActiveCfg = Release|Win32
		{1EC402C7-7A26-4C13-9DAD-831E9E01EA29}.RelWithDebInfo|Win32.ActiveCfg = Release|Win32
		{1EC402C7-7A26-4C13-9DAD-831E9E01EA29}.RelWithDebInfo|Win32.Build.0 = Release|Win32
		{1EC402C7-7A26-4C13-9DAD-831E9E01EA29}.RelWithDebInfo|x64.ActiveCfg = Release|Win32
		{F43C58AF-0BEB-4EC7-ADC8-7A68FF5D32F4}.Debug|Win32.ActiveCfg = Debug|Win32
		{F43C58AF-0BEB-4EC7-ADC8-7A68FF5D32F4}.Debug|Win32.Build.0 = Debug|Win32
		{F43C58AF-0BEB-4EC7-ADC8-7A68FF5D32F4}.Debug|x64.ActiveCfg = Debug|Win32
		{F43C58AF-0BEB-4EC7-ADC8-7A68FF5D32F4}.Release|Win32.ActiveCfg = Release|Win32
		{F43C58AF-0BEB-4EC7-ADC8-7A68FF5D32F4}.Release|Win32.Build.0 = Release|Win32
		{F43C58AF-0BEB-4EC7-ADC8-7A68FF5D32F4}.Release|x64.ActiveCfg = Release|Win32
		{F43C58AF-0BEB-4EC7-ADC8-7A68FF5D32F4}.RelWithDebInfo|Win32.ActiveCfg = Release|Win32
		{F43C58AF-0BEB-4EC7-ADC8-7A68FF5D32F4}.RelWithDebInfo|Win32.Build.0 = Release|Win32
		{F43C58AF-0BEB-4EC7-ADC8-7A68FF5D32F4}.RelWithDebInfo|x64.ActiveCfg = Release|Win32
		{5B57F09A-5D20-4567-A4F6-9BA95BFC549A}.Debug|Win32.ActiveCfg = Debug|Win32
		{5B57F09A-5D20-4567-A4F6-9BA95BFC549A}.Debug|Win32.Build.0 = Debug|Win32
		{5B57F09A-5D20-4567-A4F6-9BA95BFC549A}.Debug|x64.ActiveCfg = Debug|Win32
		{5B57F09A-5D20-4567-A4F6-9BA95BFC549A}.Release|Win32.ActiveCfg = Release|Win32
		{5B57F09A-5D20-4567-A4F6-9BA95BFC549A}.Release|Win32.Build.0 = Release|Win32
		{5B57F09A-5D20-4567-A4F6-9BA95BFC549A}.Release|x64.ActiveCfg = Release|Win32
		{5B57F09A-5D20-4567-A4F6-9BA95BFC549A}.RelWithDebInfo|Win32.ActiveCfg = Release|Win32
		{5B57F09A-5D20-4567-A4F6-9BA95BFC549A}.RelWithDebInfo|Win32.Build.0 = Release|Win32
		{5B57F09A-5D20-4567-A4F6-9BA95BFC549A}.RelWithDebInfo|x64.ActiveCfg = Release|Win32
		{0AA8B57D-848C-4C12-8DDC-C5B13FDAA314}.Debug|Win32.ActiveCfg = Debug|Win32
		{0AA8B57D-848C-4C12-8DDC-C5B13FDAA314}.Debug|Win32.Build.0 = Debug|Win32
		{0AA8B57D-848C-4C12-8DDC-C5B13FDAA314}.Debug|x64.ActiveCfg = Debug|Win32
		{0AA8B57D-848C-4C12-8DDC-C5B13FDAA314}.Release|Win32.ActiveCfg = Release|Win32
		{0AA8B57D-848C-4C12-8DDC-C5B13FDAA314}.Release|Win32.Build.0 = Release|Win32
		{0AA8B57D-848C-4C12-8DDC-C5B13FDAA314}.Release|x64.ActiveCfg = Release|Win32
		{0AA8B57D-848C-4C12-8DDC-C5B13FDAA314}.RelWithDebInfo|Win32.ActiveCfg = Release|Win32
		{0AA8B57D-848C-4C12-8DDC-C5B13FDAA314}.RelWithDebInfo|Win32.Build.0 = Release|Win32
		{0AA8B57D-848C-4C12-8DDC-C5B13FDAA314}.RelWithDebInfo|x64.ActiveCfg = Release|Win32
		{A8EE8918-6FD0-4669-971C-A2CAC626A8CC}.Debug|Win32.ActiveCfg = Debug|Win32
		{A8EE8918-6FD0-4669-971C-A2CAC626A8CC}.Debug|Win32.Build.0 = Debug|Win32
		{A8EE8918-6FD0-4669-971C-A2CAC626A8CC}.Debug|x64.ActiveCfg = Debug|Win32
		{A8EE8918-6FD0-4669-971C-A2CAC626A8CC}.Release|Win32.ActiveCfg = Release|Win32
		{A8EE8918-6FD0-4669-971C-A2CAC626A8CC}.Release|Win32.Build.0 = Release|Win32
		{A8EE8918-6FD0-4669-971C-A2CAC626A8CC}.Release|x64.ActiveCfg = Release|Win32
		{A8EE8918-6FD0-4669-971C-A2CAC626A8CC}.RelWithDebInfo|Win32.ActiveCfg = Release|Win32
		{A8EE8918-6FD0-4669-971C-A2CAC626A8CC}.RelWithDebInfo|Win32.Build.0 = Release|Win32
		{A8EE8918-6FD0-4669-971C-A2CAC626A8CC}.RelWithDebInfo|x64.ActiveCfg = Release|Win32
		{1615F10E-FD8B-4FB5-9FF5-BC308E5B39A4}.Debug|Win32.ActiveCfg = Debug|Win32
		{1615F10E-FD8B-4FB5-9FF5-BC308E5B39A4}.Debug|Win32.Build.0 = Debug|Win32
		{1615F10E-FD8B-4FB5-9FF5-BC308E5B39A4}.Debug|x64.ActiveCfg = Debug|Win32
		{1615F10E-FD8B-4FB5-9FF5-BC308E5B39A4}.Release|Win32.ActiveCfg = Release|Win32
		{1615F10E-FD8B-4FB5-9FF5-BC308E5B39A4}.Release|Win32.Build.0 = Release|Win32
		{1615F10E-FD8B-4FB5-9FF5-BC308E5B39A4}.Release|x64.ActiveCfg = Release|Win32
		{1615F10E-FD8B-4FB5-9FF5-BC308E5B39A4}.RelWithDebInfo|Win32.ActiveCfg = Release|Win32
		{1615F10E-FD8B-4FB5-9FF5-BC308E5B39A4}.RelWithDebInfo|Win32.Build.0 = Release|Win32
		{1615F10E-FD8B-4FB5-9FF5-BC308E5B39A4}.RelWithDebInfo|x64.ActiveCfg = Release|Win32
		{5CCD72A0-47EB-448D-8149-78334CE87BE0}.Debug|Win32.ActiveCfg = Debug|Win32
		{5CCD72A0-47EB-448D-8149-78334CE87BE0}.Debug|Win32.Build.0 = Debug|Win32
		{5CCD72A0-47EB-448D-8149-78334CE87BE0}.Debug|x64.ActiveCfg = Debug|Win32
		{5CCD72A0-47EB-448D-8149-78334CE87BE0}.Release|Win32.ActiveCfg = Release|Win32
		{5CCD72A0-47EB-448D-8149-78334CE87BE0}.Release|Win32.Build.0 = Release|Win32
		{5CCD72A0-47EB-448D-8149-78334CE87BE0}.Release|x64.ActiveCfg = Release|Win32
		{5CCD72A0-47EB-448D-8149-78334CE87BE0}.RelWithDebInfo|Win32.ActiveCfg = Release|Win32
		{5CCD72A0-47EB-448D-8149-78334CE87BE0}.RelWithDebInfo|Win32.Build.0 = Release|Win32
		{5CCD72A0-47EB-448D-8149-78334CE87BE0}.RelWithDebInfo|x64.ActiveCfg = Release|Win32
		{23EEA1F9-FA06-4A9C-8584-A6E260E762B2}.Debug|Win32.ActiveCfg = Debug|Win32
		{23EEA1F9-FA06-4A9C-8584-A6E260E762B2}.Debug|Win32.Build.0 = Debug|Win32
		{23EEA1F9-FA06-4A9C-8584-A6E260E762B2}.Debug|x64.ActiveCfg = Debug|Win32
		{23EEA1F9-FA06-4A9C-8584-A6E260E762B2}.Release|Win32.ActiveCfg = Release|Win32
		{23EEA1F9-FA06-4A9C-8584-A6E260E762B2}.Release|Win32.Build.0 = Release|Win32
		{23EEA1F9-FA06-4A9C-8584-A6E260E762B2}.Release|x64.ActiveCfg = Release|Win32
		{23EEA1F9-FA06-4A9C-8584-A6E260E762B2}.RelWithDebInfo|Win32.ActiveCfg = Release|Win32
		{23EEA1F9-FA06-4A9C-8584-A6E260E762B2}.RelWithDebInfo|Win32.Build.0 = Release|Win32
		{23EEA1F9-FA06-4A9C-8584-A6E260E762B2}.RelWithDebInfo|x64.ActiveCfg = Release|Win32
		{902E7DC6-47B7-4777-81C4-DF6B092F31E1}.Debug|Win32.ActiveCfg = Debug|Win32
		{902E7DC6-47B7-4777-81C4-DF6B092F31E1}.Debug|Win32.Build.0 = Debug|Win32
		{902E7DC6-47B7-4777-81C4-DF6B092F31E1}.Debug|x64.ActiveCfg = Debug|Win32
		{902E7DC6-47B7-4777-81C4-DF6B092F31E1}.Release|Win32.ActiveCfg = Release|Win32
		{902E7DC6-47B7-4777-81C4-DF6B092F31E1}.Release|Win32.Build.0 = Release|Win32
		{902E7DC6-47B7-4777-81C4-DF6B092F31E1}.Release|x64.ActiveCfg = Release|Win32
		{902E7DC6-47B7-4777-81C4-DF6B092F31E1}.RelWithDebInfo|Win32.ActiveCfg = Release|Win32
		{902E7DC6-47B7-4777-81C4-DF6B092F31E1}.RelWithDebInfo|Win32.Build.0 = Release|Win32
		{902E7DC6-47B7-4777-81C4-DF6B092F31E1}.RelWithDebInfo|x64.ActiveCfg = Release|Win32
		{880D0E38-6B68-4207-A479-BAA027A310BF}.Debug|Win32.ActiveCfg = Debug|Win32
		{880D0E38-6B68-4207-A479-BAA027A310BF}.Debug|Win32.Build.0 = Debug|Win32
		{880D0E38-6B68-4207-A479-BAA027A310BF}.Debug|x64.ActiveCfg = Debug|Win32
		{880D0E38-6B68-4207-A479-BAA027A310BF}.Release|Win32.ActiveCfg = Release|Win32
		{880D0E38-6B68-4207-A479-BAA027A310BF}.Release|Win32.Build.0 = Release|Win32
		{880D0E38-6B68-4207-A479-BAA027A310BF}.Release|x64.ActiveCfg = Release|Win32
		{880D0E38-6B68-4207-A479-BAA027A310BF}.RelWithDebInfo|Win32.ActiveCfg = Release|Win32
		{880D0E38-6B68-4207-A479-BAA027A310BF}.RelWithDebInfo|Win32.Build.0 = Release|Win32
		{880D0E38-6B68-4207-A479-BAA027A310BF}.RelWithDebInfo|x64.ActiveCfg = Release|Win32
		{A42C2FB1-3A9B-4028-BF29-BE0E4BCB4703}.Debug|Win32.ActiveCfg = Debug|Win32
		{A42C2FB1-3A9B-4028-BF29-BE0E4BCB4703}.Debug|Win32.Build.0 = Debug|Win32
		{A42C2FB1-3A9B-4028-BF29-BE0E4BCB4703}.Debug|x64.ActiveCfg = Debug|Win32
		{A42C2FB1-3A9B-4028-BF29-BE0E4BCB4703}.Release|Win32.ActiveCfg = Release|Win32
		{A42C2FB1-3A9B-4028-BF29-BE0E4BCB4703}.Release|Win32.Build.0 = Release|Win32
		{A42C2FB1-3A9B-4028-BF29-BE0E4BCB4703}.Release|x64.ActiveCfg = Release|Win32
		{A42C2FB1-3A9B-4028-BF29-BE0E4BCB4703}.RelWithDebInfo|Win32.ActiveCfg = Release|Win32
		{A42C2FB1-3A9B-4028-BF29-BE0E4BCB4703}.RelWithDebInfo|Win32.Build.0 = Release|Win32
		{A42C2FB1-3A9B-4028-BF29-BE0E4BCB4703}.RelWithDebInfo|x64.ActiveCfg = Release|Win32
		{A92A6839-5FF5-4586-B9F8-4DA6C2D63287}.Debug|Win32.ActiveCfg = Debug|Win32
		{A92A6839-5FF5-4586-B9F8-4DA6C2D63287}.Debug|Win32.Build.0 = Debug|Win32
		{A92A6839-5FF5-4586-B9F8-4DA6C2D63287}.Debug|x64.ActiveCfg = Debug|Win32
		{A92A6839-5FF5-4586-B9F8-4DA6C2D63287}.Release|Win32.ActiveCfg = Release|Win32
		{A92A6839-5FF5-4586-B9F8-4DA6C2D63287}.Release|Win32.Build.0 = Release|Win32
		{A92A6839-5FF5-4586-B9F8-4DA6C2D63287}.Release|x64.ActiveCfg = Release|Win32
		{A92A6839-5FF5-4586-B9F8-4DA6C2D63287}.RelWithDebInfo|Win32.ActiveCfg = Release|Win32
		{A92A6839-5FF5-4586-B9F8-4DA6C2D63287}.RelWithDebInfo|Win32.Build.0 = Release|Win32
		{A92A6839-5FF5-4586-B9F8-4DA6C2D63287}.RelWithDebInfo|x64.ActiveCfg = Release|Win32
		{F1D5F010-0012-4517-84B7-9320B2369042}.Debug|Win32.ActiveCfg = Debug|Win32
		{F1D5F010-0012-4517-84B7-9320B2369042}.Debug|Win32.Build.0 = Debug|Win32
		{F1D5F010-0012-4517-84B7-9320B2369042}.Debug|x64.ActiveCfg = Debug|Win32
		{F1D5F010-0012-4517-84B7-9320B2369042}.Release|Win32.ActiveCfg = Release|Win32
		{F1D5F010-0012-4517-84B7-9320B2369042}.Release|Win32.Build.0 = Release|Win32
		{F1D5F010-0012-4517-84B7-9320B2369042}.Release|x64.ActiveCfg = Release|Win32
		{F1D5F010-0012-4517-84B7-9320B2369042}.RelWithDebInfo|Win32.ActiveCfg = Release|Win32
		{F1D5F010-0012-4517-84B7-9320B2369042}.RelWithDebInfo|Win32.Build.0 = Release|Win32
		{F1D5F010-0012-4517-84B7-9320B2369042}.RelWithDebInfo|x64.ActiveCfg = Release|Win32
		{8640F340-B67F-46C3-8708-5DC863F051E8}.Debug|Win32.ActiveCfg = Debug|Win32
		{8640F340-B67F-46C3-8708-5DC863F051E8}.Debug|Win32.Build.0 = Debug|Win32
		{8640F340-B67F-46C3-8708-5DC863F051E8}.Debug|x64.ActiveCfg = Debug|Win32
		{8640F340-B67F-46C3-8708-5DC863F051E8}.Release|Win32.ActiveCfg = Release|Win32
		{8640F340-B67F-46C3-8708-5DC863F051E8}.Release|Win32.Build.0 = Release|Win32
		{8640F340-B67F-46C3-8708-5DC863F051E8}.Release|x64.ActiveCfg = Release|Win32
		{8640F340-B67F-46C3-8708-5DC863F051E8}.RelWithDebInfo|Win32.ActiveCfg = Release|Win32
		{8640F340-B67F-46C3-8708-5DC863F051E8}.RelWithDebInfo|Win32.Build.0 = Release|Win32
		{8640F340-B67F-46C3-8708-5DC863F051E8}.RelWithDebInfo|x64.ActiveCfg = Release|Win32
		{8B0978DE-98D3-4F5E-8548-24C90641A376}.Debug|Win32.ActiveCfg = Debug|Win32
		{8B0978DE-98D3-4F5E-8548-24C90641A376}.Debug|Win32.Build.0 = Debug|Win32
		{8B0978DE-98D3-4F5E-8548-24C90641A376}.Debug|x64.ActiveCfg = Debug|Win32
		{8B0978DE-98D3-4F5E-8548-24C90641A376}.Release|Win32.ActiveCfg = Release|Win32
		{8B0978DE-98D3-4F5E-8548-24C90641A376}.Release|Win32.Build.0 = Release|Win32
		{8B0978DE-98D3-4F5E-8548-24C90641A376}.Release|x64.ActiveCfg = Release|Win32
		{8B0978DE-98D3-4F5E-8548-24C90641A376}.RelWithDebInfo|Win32.ActiveCfg = Release|Win32
		{8B0978DE-98D3-4F5E-8548-24C90641A376}.RelWithDebInfo|Win32.Build.0 = Release|Win32
		{8B0978DE-98D3-4F5E-8548-24C90641A376}.RelWithDebInfo|x64.ActiveCfg = Release|Win32
		{D85040FD-EB69-4395-BD5E-B09790429744}.Debug|Win32.ActiveCfg = Debug|Win32
		{D85040FD-EB69-4395-BD5E-B09790429744}.Debug|Win32.Build.0 = Debug|Win32
		{D85040FD-EB69-4395-BD5E-B09790429744}.Debug|x64.ActiveCfg = Debug|Win32
		{D85040FD-EB69-4395-BD5E-B09790429744}.Release|Win32.ActiveCfg = Release|Win32
		{D85040FD-EB69-4395-BD5E-B09790429744}.Release|Win32.Build.0 = Release|Win32
		{D85040FD-EB69-4395-BD5E-B09790429744}.Release|x64.ActiveCfg = Release|Win32
		{D85040FD-EB69-4395-BD5E-B09790429744}.RelWithDebInfo|Win32.ActiveCfg = Release|Win32
		{D85040FD-EB69-4395-BD5E-B09790429744}.RelWithDebInfo|Win32.Build.0 = Release|Win32
		{D85040FD-EB69-4395-BD5E-B09790429744}.RelWithDebInfo|x64.ActiveCfg = Release|Win32
		{A31A42C7-D93D-4586-B897-A1034D632544}.Debug|Win32.ActiveCfg = Debug|Win32
		{A31A42C7-D93D-4586-B897-A1034D632544}.Debug|Win32.Build.0 = Debug|Win32
		{A31A42C7-D93D-4586-B897-A1034D632544}.Debug|x64.ActiveCfg = Debug|Win32
		{A31A42C7-D93D-4586-B897-A1034D632544}.Release|Win32.ActiveCfg = Release|Win32
		{A31A42C7-D93D-4586-B897-A1034D632544}.Release|Win32.Build.0 = Release|Win32
		{A31A42C7-D93D-4586-B897-A1034D632544}.Release|x64.ActiveCfg = Release|Win32
		{A31A42C7-D93D-4586-B897-A1034D632544}.RelWithDebInfo|Win32.ActiveCfg = Release|Win32
		{A31A42C7-D93D-4586-B897-A1034D632544}.RelWithDebInfo|Win32.Build.0 = Release|Win32
		{A31A42C7-D93D-4586-B897-A1034D632544}.RelWithDebInfo|x64.ActiveCfg = Release|Win32
		{14F15E82-8F10-44DD-9534-BE89B6C11DCC}.Debug|Win32.ActiveCfg = Debug|Win32
		{14F15E82-8F10-44DD-9534-BE89B6C11DCC}.Debug|Win32.Build.0 = Debug|Win32
		{14F15E82-8F10-44DD-9534-BE89B6C11DCC}.Debug|x64.ActiveCfg = Debug|Win32
		{14F15E82-8F10-44DD-9534-BE89B6C11DCC}.Release|Win32.ActiveCfg = Release|Win32
		{14F15E82-8F10-44DD-9534-BE89B6C11DCC}.Release|Win32.Build.0 = Release|Win32
		{14F15E82-8F10-44DD-9534-BE89B6C11DCC}.Release|x64.ActiveCfg = Release|Win32
		{14F15E82-8F10-44DD-9534-BE89B6C11DCC}.RelWithDebInfo|Win32.ActiveCfg = Release|Win32
		{14F15E82-8F10-44DD-9534-BE89B6C11DCC}.RelWithDebInfo|Win32.Build.0 = Release|Win32
		{14F15E82-8F10-44DD-9534-BE89B6C11DCC}.RelWithDebInfo|x64.ActiveCfg = Release|Win32
	EndGlobalSection
	GlobalSection(SolutionProperties) = preSolution
		HideSolutionNode = FALSE
	EndGlobalSection
EndGlobal
